
Microsoft Visual Studio Solution File, Format Version 12.00
# Visual Studio Version 17
VisualStudioVersion = 17.11.35327.3
MinimumVisualStudioVersion = 10.0.40219.1
Project("{FAE04EC0-301F-11D3-BF4B-00C04F79EFBC}") = "AceJobAgency3", "AceJobAgency3\AceJobAgency3.csproj", "{401C8DA7-1A2E-4FE7-90BC-6241784CE107}"
EndProject
Global
	GlobalSection(SolutionConfigurationPlatforms) = preSolution
		Debug|Any CPU = Debug|Any CPU
		Release|Any CPU = Release|Any CPU
	EndGlobalSection
	GlobalSection(ProjectConfigurationPlatforms) = postSolution
		{401C8DA7-1A2E-4FE7-90BC-6241784CE107}.Debug|Any CPU.ActiveCfg = Debug|Any CPU
		{401C8DA7-1A2E-4FE7-90BC-6241784CE107}.Debug|Any CPU.Build.0 = Debug|Any CPU
		{401C8DA7-1A2E-4FE7-90BC-6241784CE107}.Release|Any CPU.ActiveCfg = Release|Any CPU
		{401C8DA7-1A2E-4FE7-90BC-6241784CE107}.Release|Any CPU.Build.0 = Release|Any CPU
	EndGlobalSection
	GlobalSection(SolutionProperties) = preSolution
		HideSolutionNode = FALSE
	EndGlobalSection
	GlobalSection(ExtensibilityGlobals) = postSolution
		SolutionGuid = {6F7C7A27-C4EB-4414-BF1A-53EFFD740D59}
	EndGlobalSection
EndGlobal
